
Microsoft Visual Studio Solution File, Format Version 11.00
# Visual Studio 2010
Project("{FAE04EC0-301F-11D3-BF4B-00C04F79EFBC}") = "MootoolsPostTester", "MootoolsPostTester\MootoolsPostTester.csproj", "{5BECF9C0-A9D2-424C-A1A9-FE5FEAC63449}"
EndProject
Project("{FAE04EC0-301F-11D3-BF4B-00C04F79EFBC}") = "MootoolsPostTester.Tests", "MootoolsPostTester.Tests\MootoolsPostTester.Tests.csproj", "{CF46777C-DD31-45EE-870B-3DCF44A2EEBD}"
EndProject
Global
	GlobalSection(SolutionConfigurationPlatforms) = preSolution
		Debug|Any CPU = Debug|Any CPU
		Release|Any CPU = Release|Any CPU
	EndGlobalSection
	GlobalSection(ProjectConfigurationPlatforms) = postSolution
		{5BECF9C0-A9D2-424C-A1A9-FE5FEAC63449}.Debug|Any CPU.ActiveCfg = Debug|Any CPU
		{5BECF9C0-A9D2-424C-A1A9-FE5FEAC63449}.Debug|Any CPU.Build.0 = Debug|Any CPU
		{5BECF9C0-A9D2-424C-A1A9-FE5FEAC63449}.Release|Any CPU.ActiveCfg = Release|Any CPU
		{5BECF9C0-A9D2-424C-A1A9-FE5FEAC63449}.Release|Any CPU.Build.0 = Release|Any CPU
		{CF46777C-DD31-45EE-870B-3DCF44A2EEBD}.Debug|Any CPU.ActiveCfg = Debug|Any CPU
		{CF46777C-DD31-45EE-870B-3DCF44A2EEBD}.Debug|Any CPU.Build.0 = Debug|Any CPU
		{CF46777C-DD31-45EE-870B-3DCF44A2EEBD}.Release|Any CPU.ActiveCfg = Release|Any CPU
		{CF46777C-DD31-45EE-870B-3DCF44A2EEBD}.Release|Any CPU.Build.0 = Release|Any CPU
	EndGlobalSection
	GlobalSection(SolutionProperties) = preSolution
		HideSolutionNode = FALSE
	EndGlobalSection
EndGlobal
